
Microsoft Visual Studio Solution File, Format Version 12.00
# Visual Studio 15
Project("{FAE04EC0-301F-11D3-BF4B-00C04F79EFBC}") = "Assembly-CSharp", "Assembly-CSharp.csproj", "{1DE49C1F-16F5-621C-0865-C3BCB3184215}"
EndProject
Project("{FAE04EC0-301F-11D3-BF4B-00C04F79EFBC}") = "Assembly-CSharp-Editor", "Assembly-CSharp-Editor.csproj", "{C0D83BC7-4C42-99AD-8929-18E111FBB1E4}"
EndProject
Project("{FAE04EC0-301F-11D3-BF4B-00C04F79EFBC}") = "Unity.GSheet", "Unity.GSheet.csproj", "{0E966605-F44D-D97A-45FC-F927D998808A}"
EndProject
Global
	GlobalSection(SolutionConfigurationPlatforms) = preSolution
		Debug|Any CPU = Debug|Any CPU
		Release|Any CPU = Release|Any CPU
	EndGlobalSection
	GlobalSection(ProjectConfigurationPlatforms) = postSolution
		{1DE49C1F-16F5-621C-0865-C3BCB3184215}.Debug|Any CPU.ActiveCfg = Debug|Any CPU
		{1DE49C1F-16F5-621C-0865-C3BCB3184215}.Debug|Any CPU.Build.0 = Debug|Any CPU
		{1DE49C1F-16F5-621C-0865-C3BCB3184215}.Release|Any CPU.ActiveCfg = Release|Any CPU
		{1DE49C1F-16F5-621C-0865-C3BCB3184215}.Release|Any CPU.Build.0 = Release|Any CPU
		{C0D83BC7-4C42-99AD-8929-18E111FBB1E4}.Debug|Any CPU.ActiveCfg = Debug|Any CPU
		{C0D83BC7-4C42-99AD-8929-18E111FBB1E4}.Debug|Any CPU.Build.0 = Debug|Any CPU
		{C0D83BC7-4C42-99AD-8929-18E111FBB1E4}.Release|Any CPU.ActiveCfg = Release|Any CPU
		{C0D83BC7-4C42-99AD-8929-18E111FBB1E4}.Release|Any CPU.Build.0 = Release|Any CPU
		{0E966605-F44D-D97A-45FC-F927D998808A}.Debug|Any CPU.ActiveCfg = Debug|Any CPU
		{0E966605-F44D-D97A-45FC-F927D998808A}.Debug|Any CPU.Build.0 = Debug|Any CPU
		{0E966605-F44D-D97A-45FC-F927D998808A}.Release|Any CPU.ActiveCfg = Release|Any CPU
		{0E966605-F44D-D97A-45FC-F927D998808A}.Release|Any CPU.Build.0 = Release|Any CPU
	EndGlobalSection
	GlobalSection(SolutionProperties) = preSolution
		HideSolutionNode = FALSE
	EndGlobalSection
EndGlobal
